
Microsoft Visual Studio Solution File, Format Version 12.00
# Visual Studio Version 16
VisualStudioVersion = 16.0.31729.503
MinimumVisualStudioVersion = 10.0.40219.1
Project("{FAE04EC0-301F-11D3-BF4B-00C04F79EFBC}") = "FacadePattern", "FacadePattern\FacadePattern.csproj", "{2E4AF4B3-EBF5-4CC8-81D3-73357395068F}"
EndProject
Global
	GlobalSection(SolutionConfigurationPlatforms) = preSolution
		Debug|Any CPU = Debug|Any CPU
		Release|Any CPU = Release|Any CPU
	EndGlobalSection
	GlobalSection(ProjectConfigurationPlatforms) = postSolution
		{2E4AF4B3-EBF5-4CC8-81D3-73357395068F}.Debug|Any CPU.ActiveCfg = Debug|Any CPU
		{2E4AF4B3-EBF5-4CC8-81D3-73357395068F}.Debug|Any CPU.Build.0 = Debug|Any CPU
		{2E4AF4B3-EBF5-4CC8-81D3-73357395068F}.Release|Any CPU.ActiveCfg = Release|Any CPU
		{2E4AF4B3-EBF5-4CC8-81D3-73357395068F}.Release|Any CPU.Build.0 = Release|Any CPU
	EndGlobalSection
	GlobalSection(SolutionProperties) = preSolution
		HideSolutionNode = FALSE
	EndGlobalSection
	GlobalSection(ExtensibilityGlobals) = postSolution
		SolutionGuid = {567B6523-E469-4EE8-AE3C-8B0119763D0D}
	EndGlobalSection
EndGlobal
